
Microsoft Visual Studio Solution File, Format Version 12.00
# Visual Studio Version 17
VisualStudioVersion = 17.7.34221.43
MinimumVisualStudioVersion = 10.0.40219.1
Project("{FAE04EC0-301F-11D3-BF4B-00C04F79EFBC}") = "WpfApp2", "WpfApp2\WpfApp2.csproj", "{70A629B2-D967-4D1A-A781-C3BB10F8CF43}"
EndProject
Global
	GlobalSection(SolutionConfigurationPlatforms) = preSolution
		Debug|Any CPU = Debug|Any CPU
		Release|Any CPU = Release|Any CPU
	EndGlobalSection
	GlobalSection(ProjectConfigurationPlatforms) = postSolution
		{70A629B2-D967-4D1A-A781-C3BB10F8CF43}.Debug|Any CPU.ActiveCfg = Debug|Any CPU
		{70A629B2-D967-4D1A-A781-C3BB10F8CF43}.Debug|Any CPU.Build.0 = Debug|Any CPU
		{70A629B2-D967-4D1A-A781-C3BB10F8CF43}.Release|Any CPU.ActiveCfg = Release|Any CPU
		{70A629B2-D967-4D1A-A781-C3BB10F8CF43}.Release|Any CPU.Build.0 = Release|Any CPU
	EndGlobalSection
	GlobalSection(SolutionProperties) = preSolution
		HideSolutionNode = FALSE
	EndGlobalSection
	GlobalSection(ExtensibilityGlobals) = postSolution
		SolutionGuid = {0A165436-00A2-4F38-9951-0FCAFA489AD1}
	EndGlobalSection
EndGlobal
